
Microsoft Visual Studio Solution File, Format Version 12.00
# Visual Studio Version 17
VisualStudioVersion = 17.14.36623.8 d17.14
MinimumVisualStudioVersion = 10.0.40219.1
Project("{FAE04EC0-301F-11D3-BF4B-00C04F79EFBC}") = "GestionPharmacie", "GestionPharmacie\GestionPharmacie.csproj", "{B18AE777-C650-48B7-80EE-49E5A17FB88D}"
EndProject
Global
	GlobalSection(SolutionConfigurationPlatforms) = preSolution
		Debug|Any CPU = Debug|Any CPU
		Release|Any CPU = Release|Any CPU
	EndGlobalSection
	GlobalSection(ProjectConfigurationPlatforms) = postSolution
		{B18AE777-C650-48B7-80EE-49E5A17FB88D}.Debug|Any CPU.ActiveCfg = Debug|Any CPU
		{B18AE777-C650-48B7-80EE-49E5A17FB88D}.Debug|Any CPU.Build.0 = Debug|Any CPU
		{B18AE777-C650-48B7-80EE-49E5A17FB88D}.Release|Any CPU.ActiveCfg = Release|Any CPU
		{B18AE777-C650-48B7-80EE-49E5A17FB88D}.Release|Any CPU.Build.0 = Release|Any CPU
	EndGlobalSection
	GlobalSection(SolutionProperties) = preSolution
		HideSolutionNode = FALSE
	EndGlobalSection
	GlobalSection(ExtensibilityGlobals) = postSolution
		SolutionGuid = {F58C612F-332B-4E25-9A8F-84AD7140F3BB}
	EndGlobalSection
EndGlobal
